
Microsoft Visual Studio Solution File, Format Version 12.00
# Visual Studio 15
VisualStudioVersion = 15.0.28307.329
MinimumVisualStudioVersion = 10.0.40219.1
Project("{FAE04EC0-301F-11D3-BF4B-00C04F79EFBC}") = "WordWrapDay2", "WordWrapDay2\WordWrapDay2.csproj", "{F83EFD26-4DA2-4587-AB13-D72A525C6C12}"
EndProject
Project("{FAE04EC0-301F-11D3-BF4B-00C04F79EFBC}") = "WordWrapTest", "WordWrapTest\WordWrapTest.csproj", "{F785A9D4-1072-49EA-AABA-DD49A3FDFB44}"
EndProject
Global
	GlobalSection(SolutionConfigurationPlatforms) = preSolution
		Debug|Any CPU = Debug|Any CPU
		Release|Any CPU = Release|Any CPU
	EndGlobalSection
	GlobalSection(ProjectConfigurationPlatforms) = postSolution
		{F83EFD26-4DA2-4587-AB13-D72A525C6C12}.Debug|Any CPU.ActiveCfg = Debug|Any CPU
		{F83EFD26-4DA2-4587-AB13-D72A525C6C12}.Debug|Any CPU.Build.0 = Debug|Any CPU
		{F83EFD26-4DA2-4587-AB13-D72A525C6C12}.Release|Any CPU.ActiveCfg = Release|Any CPU
		{F83EFD26-4DA2-4587-AB13-D72A525C6C12}.Release|Any CPU.Build.0 = Release|Any CPU
		{F785A9D4-1072-49EA-AABA-DD49A3FDFB44}.Debug|Any CPU.ActiveCfg = Debug|Any CPU
		{F785A9D4-1072-49EA-AABA-DD49A3FDFB44}.Debug|Any CPU.Build.0 = Debug|Any CPU
		{F785A9D4-1072-49EA-AABA-DD49A3FDFB44}.Release|Any CPU.ActiveCfg = Release|Any CPU
		{F785A9D4-1072-49EA-AABA-DD49A3FDFB44}.Release|Any CPU.Build.0 = Release|Any CPU
	EndGlobalSection
	GlobalSection(SolutionProperties) = preSolution
		HideSolutionNode = FALSE
	EndGlobalSection
	GlobalSection(ExtensibilityGlobals) = postSolution
		SolutionGuid = {B32B7617-0351-4726-B703-20599098F61D}
	EndGlobalSection
EndGlobal
