
Microsoft Visual Studio Solution File, Format Version 12.00
# Visual Studio 15
VisualStudioVersion = 15.0.28307.329
MinimumVisualStudioVersion = 10.0.40219.1
Project("{FAE04EC0-301F-11D3-BF4B-00C04F79EFBC}") = "Day1Anagrams", "Day1Anagrams\Day1Anagrams.csproj", "{41BBB8FA-7FFC-496F-9909-C039A92A219A}"
EndProject
Project("{FAE04EC0-301F-11D3-BF4B-00C04F79EFBC}") = "NUnitTestAnagrams", "NUnitTestAnagrams\NUnitTestAnagrams.csproj", "{A57021EE-44F9-4458-BA57-032DE1D81FC8}"
EndProject
Global
	GlobalSection(SolutionConfigurationPlatforms) = preSolution
		Debug|Any CPU = Debug|Any CPU
		Release|Any CPU = Release|Any CPU
	EndGlobalSection
	GlobalSection(ProjectConfigurationPlatforms) = postSolution
		{41BBB8FA-7FFC-496F-9909-C039A92A219A}.Debug|Any CPU.ActiveCfg = Debug|Any CPU
		{41BBB8FA-7FFC-496F-9909-C039A92A219A}.Debug|Any CPU.Build.0 = Debug|Any CPU
		{41BBB8FA-7FFC-496F-9909-C039A92A219A}.Release|Any CPU.ActiveCfg = Release|Any CPU
		{41BBB8FA-7FFC-496F-9909-C039A92A219A}.Release|Any CPU.Build.0 = Release|Any CPU
		{A57021EE-44F9-4458-BA57-032DE1D81FC8}.Debug|Any CPU.ActiveCfg = Debug|Any CPU
		{A57021EE-44F9-4458-BA57-032DE1D81FC8}.Debug|Any CPU.Build.0 = Debug|Any CPU
		{A57021EE-44F9-4458-BA57-032DE1D81FC8}.Release|Any CPU.ActiveCfg = Release|Any CPU
		{A57021EE-44F9-4458-BA57-032DE1D81FC8}.Release|Any CPU.Build.0 = Release|Any CPU
	EndGlobalSection
	GlobalSection(SolutionProperties) = preSolution
		HideSolutionNode = FALSE
	EndGlobalSection
	GlobalSection(ExtensibilityGlobals) = postSolution
		SolutionGuid = {409C4D2B-C1DC-414E-B192-05226BF40952}
	EndGlobalSection
EndGlobal
